
Microsoft Visual Studio Solution File, Format Version 12.00
# Visual Studio Version 17
VisualStudioVersion = 17.4.33213.308
MinimumVisualStudioVersion = 10.0.40219.1
Project("{FAE04EC0-301F-11D3-BF4B-00C04F79EFBC}") = "VacIT", "VacIT\VacIT.csproj", "{D6BFF16F-8AC0-4B74-A5CD-820F9340DBA0}"
EndProject
Global
	GlobalSection(SolutionConfigurationPlatforms) = preSolution
		Debug|Any CPU = Debug|Any CPU
		Release|Any CPU = Release|Any CPU
	EndGlobalSection
	GlobalSection(ProjectConfigurationPlatforms) = postSolution
		{D6BFF16F-8AC0-4B74-A5CD-820F9340DBA0}.Debug|Any CPU.ActiveCfg = Debug|Any CPU
		{D6BFF16F-8AC0-4B74-A5CD-820F9340DBA0}.Debug|Any CPU.Build.0 = Debug|Any CPU
		{D6BFF16F-8AC0-4B74-A5CD-820F9340DBA0}.Release|Any CPU.ActiveCfg = Release|Any CPU
		{D6BFF16F-8AC0-4B74-A5CD-820F9340DBA0}.Release|Any CPU.Build.0 = Release|Any CPU
	EndGlobalSection
	GlobalSection(SolutionProperties) = preSolution
		HideSolutionNode = FALSE
	EndGlobalSection
	GlobalSection(ExtensibilityGlobals) = postSolution
		SolutionGuid = {7429BA16-BEA0-425F-963D-9D82379B85F6}
	EndGlobalSection
EndGlobal
